{
  "object": {
    "pins": [
      {
        "package": "IProBonusAPI",
        "repositoryURL": "https://github.com/Myrkwill/IProBonusAPI.git",
        "state": {
          "branch": null,
          "revision": "c28115840dea6831bcb474774ad82c64c6afdb96",
          "version": "0.0.1"
        }
      },
      {
        "package": "IProBonusViews",
        "repositoryURL": "https://github.com/Myrkwill/IProBonusViews.git",
        "state": {
          "branch": null,
          "revision": "b210b18e6cc69a7098425647414058714716aad5",
          "version": "0.0.2"
        }
      }
    ]
  },
  "version": 1
}
