// !$*UTF8*$!
{
	archiveVersion = 1;
	classes = {
	};
	objectVersion = 50;
	objects = {

/* Begin PBXBuildFile section */
		A5062AA8265592C9008F33FE /* iProBonusApp.swift in Sources */ = {isa = PBXBuildFile; fileRef = A5062AA7265592C9008F33FE /* iProBonusApp.swift */; };
		A5062AAA265592C9008F33FE /* ContentView.swift in Sources */ = {isa = PBXBuildFile; fileRef = A5062AA9265592C9008F33FE /* ContentView.swift */; };
		A5062AAC265592CC008F33FE /* Assets.xcassets in Resources */ = {isa = PBXBuildFile; fileRef = A5062AAB265592CC008F33FE /* Assets.xcassets */; };
		A5062AAF265592CC008F33FE /* Preview Assets.xcassets in Resources */ = {isa = PBXBuildFile; fileRef = A5062AAE265592CC008F33FE /* Preview Assets.xcassets */; };
		A5062ABA265592CC008F33FE /* iProBonusTests.swift in Sources */ = {isa = PBXBuildFile; fileRef = A5062AB9265592CC008F33FE /* iProBonusTests.swift */; };
		A5062AC5265592CC008F33FE /* iProBonusUITests.swift in Sources */ = {isa = PBXBuildFile; fileRef = A5062AC4265592CC008F33FE /* iProBonusUITests.swift */; };
/* End PBXBuildFile section */

/* Begin PBXContainerItemProxy section */
		A5062AB6265592CC008F33FE /* PBXContainerItemProxy */ = {
			isa = PBXContainerItemProxy;
			containerPortal = A5062A9C265592C9008F33FE /* Project object */;
			proxyType = 1;
			remoteGlobalIDString = A5062AA3265592C9008F33FE;
			remoteInfo = iProBonus;
		};
		A5062AC1265592CC008F33FE /* PBXContainerItemProxy */ = {
			isa = PBXContainerItemProxy;
			containerPortal = A5062A9C265592C9008F33FE /* Project object */;
			proxyType = 1;
			remoteGlobalIDString = A5062AA3265592C9008F33FE;
			remoteInfo = iProBonus;
		};
/* End PBXContainerItemProxy section */

/* Begin PBXFileReference section */
		A5062AA4265592C9008F33FE /* iProBonus.app */ = {isa = PBXFileReference; explicitFileType = wrapper.application; includeInIndex = 0; path = iProBonus.app; sourceTree = BUILT_PRODUCTS_DIR; };
		A5062AA7265592C9008F33FE /* iProBonusApp.swift */ = {isa = PBXFileReference; lastKnownFileType = sourcecode.swift; path = iProBonusApp.swift; sourceTree = "<group>"; };
		A5062AA9265592C9008F33FE /* ContentView.swift */ = {isa = PBXFileReference; lastKnownFileType = sourcecode.swift; path = ContentView.swift; sourceTree = "<group>"; };
		A5062AAB265592CC008F33FE /* Assets.xcassets */ = {isa = PBXFileReference; lastKnownFileType = folder.assetcatalog; path = Assets.xcassets; sourceTree = "<group>"; };
		A5062AAE265592CC008F33FE /* Preview Assets.xcassets */ = {isa = PBXFileReference; lastKnownFileType = folder.assetcatalog; path = "Preview Assets.xcassets"; sourceTree = "<group>"; };
		A5062AB0265592CC008F33FE /* Info.plist */ = {isa = PBXFileReference; lastKnownFileType = text.plist.xml; path = Info.plist; sourceTree = "<group>"; };
		A5062AB5265592CC008F33FE /* iProBonusTests.xctest */ = {isa = PBXFileReference; explicitFileType = wrapper.cfbundle; includeInIndex = 0; path = iProBonusTests.xctest; sourceTree = BUILT_PRODUCTS_DIR; };
		A5062AB9265592CC008F33FE /* iProBonusTests.swift */ = {isa = PBXFileReference; lastKnownFileType = sourcecode.swift; path = iProBonusTests.swift; sourceTree = "<group>"; };
		A5062ABB265592CC008F33FE /* Info.plist */ = {isa = PBXFileReference; lastKnownFileType = text.plist.xml; path = Info.plist; sourceTree = "<group>"; };
		A5062AC0265592CC008F33FE /* iProBonusUITests.xctest */ = {isa = PBXFileReference; explicitFileType = wrapper.cfbundle; includeInIndex = 0; path = iProBonusUITests.xctest; sourceTree = BUILT_PRODUCTS_DIR; };
		A5062AC4265592CC008F33FE /* iProBonusUITests.swift */ = {isa = PBXFileReference; lastKnownFileType = sourcecode.swift; path = iProBonusUITests.swift; sourceTree = "<group>"; };
		A5062AC6265592CC008F33FE /* Info.plist */ = {isa = PBXFileReference; lastKnownFileType = text.plist.xml; path = Info.plist; sourceTree = "<group>"; };
/* End PBXFileReference section */

/* Begin PBXFrameworksBuildPhase section */
		A5062AA1265592C9008F33FE /* Frameworks */ = {
			isa = PBXFrameworksBuildPhase;
			buildActionMask = 2147483647;
			files = (
			);
			runOnlyForDeploymentPostprocessing = 0;
		};
		A5062AB2265592CC008F33FE /* Frameworks */ = {
			isa = PBXFrameworksBuildPhase;
			buildActionMask = 2147483647;
			files = (
			);
			runOnlyForDeploymentPostprocessing = 0;
		};
		A5062ABD265592CC008F33FE /* Frameworks */ = {
			isa = PBXFrameworksBuildPhase;
			buildActionMask = 2147483647;
			files = (
			);
			runOnlyForDeploymentPostprocessing = 0;
		};
/* End PBXFrameworksBuildPhase section */

/* Begin PBXGroup section */
		A5062A9B265592C9008F33FE = {
			isa = PBXGroup;
			children = (
				A5062AA6265592C9008F33FE /* iProBonus */,
				A5062AB8265592CC008F33FE /* iProBonusTests */,
				A5062AC3265592CC008F33FE /* iProBonusUITests */,
				A5062AA5265592C9008F33FE /* Products */,
			);
			sourceTree = "<group>";
		};
		A5062AA5265592C9008F33FE /* Products */ = {
			isa = PBXGroup;
			children = (
				A5062AA4265592C9008F33FE /* iProBonus.app */,
				A5062AB5265592CC008F33FE /* iProBonusTests.xctest */,
				A5062AC0265592CC008F33FE /* iProBonusUITests.xctest */,
			);
			name = Products;
			sourceTree = "<group>";
		};
		A5062AA6265592C9008F33FE /* iProBonus */ = {
			isa = PBXGroup;
			children = (
				A5062AA7265592C9008F33FE /* iProBonusApp.swift */,
				A5062AA9265592C9008F33FE /* ContentView.swift */,
				A5062AAB265592CC008F33FE /* Assets.xcassets */,
				A5062AB0265592CC008F33FE /* Info.plist */,
				A5062AAD265592CC008F33FE /* Preview Content */,
			);
			path = iProBonus;
			sourceTree = "<group>";
		};
		A5062AAD265592CC008F33FE /* Preview Content */ = {
			isa = PBXGroup;
			children = (
				A5062AAE265592CC008F33FE /* Preview Assets.xcassets */,
			);
			path = "Preview Content";
			sourceTree = "<group>";
		};
		A5062AB8265592CC008F33FE /* iProBonusTests */ = {
			isa = PBXGroup;
			children = (
				A5062AB9265592CC008F33FE /* iProBonusTests.swift */,
				A5062ABB265592CC008F33FE /* Info.plist */,
			);
			path = iProBonusTests;
			sourceTree = "<group>";
		};
		A5062AC3265592CC008F33FE /* iProBonusUITests */ = {
			isa = PBXGroup;
			children = (
				A5062AC4265592CC008F33FE /* iProBonusUITests.swift */,
				A5062AC6265592CC008F33FE /* Info.plist */,
			);
			path = iProBonusUITests;
			sourceTree = "<group>";
		};
/* End PBXGroup section */

/* Begin PBXNativeTarget section */
		A5062AA3265592C9008F33FE /* iProBonus */ = {
			isa = PBXNativeTarget;
			buildConfigurationList = A5062AC9265592CC008F33FE /* Build configuration list for PBXNativeTarget "iProBonus" */;
			buildPhases = (
				A5062AA0265592C9008F33FE /* Sources */,
				A5062AA1265592C9008F33FE /* Frameworks */,
				A5062AA2265592C9008F33FE /* Resources */,
			);
			buildRules = (
			);
			dependencies = (
			);
			name = iProBonus;
			productName = iProBonus;
			productReference = A5062AA4265592C9008F33FE /* iProBonus.app */;
			productType = "com.apple.product-type.application";
		};
		A5062AB4265592CC008F33FE /* iProBonusTests */ = {
			isa = PBXNativeTarget;
			buildConfigurationList = A5062ACC265592CC008F33FE /* Build configuration list for PBXNativeTarget "iProBonusTests" */;
			buildPhases = (
				A5062AB1265592CC008F33FE /* Sources */,
				A5062AB2265592CC008F33FE /* Frameworks */,
				A5062AB3265592CC008F33FE /* Resources */,
			);
			buildRules = (
			);
			dependencies = (
				A5062AB7265592CC008F33FE /* PBXTargetDependency */,
			);
			name = iProBonusTests;
			productName = iProBonusTests;
			productReference = A5062AB5265592CC008F33FE /* iProBonusTests.xctest */;
			productType = "com.apple.product-type.bundle.unit-test";
		};
		A5062ABF265592CC008F33FE /* iProBonusUITests */ = {
			isa = PBXNativeTarget;
			buildConfigurationList = A5062ACF265592CC008F33FE /* Build configuration list for PBXNativeTarget "iProBonusUITests" */;
			buildPhases = (
				A5062ABC265592CC008F33FE /* Sources */,
				A5062ABD265592CC008F33FE /* Frameworks */,
				A5062ABE265592CC008F33FE /* Resources */,
			);
			buildRules = (
			);
			dependencies = (
				A5062AC2265592CC008F33FE /* PBXTargetDependency */,
			);
			name = iProBonusUITests;
			productName = iProBonusUITests;
			productReference = A5062AC0265592CC008F33FE /* iProBonusUITests.xctest */;
			productType = "com.apple.product-type.bundle.ui-testing";
		};
/* End PBXNativeTarget section */

/* Begin PBXProject section */
		A5062A9C265592C9008F33FE /* Project object */ = {
			isa = PBXProject;
			attributes = {
				LastSwiftUpdateCheck = 1250;
				LastUpgradeCheck = 1250;
				TargetAttributes = {
					A5062AA3265592C9008F33FE = {
						CreatedOnToolsVersion = 12.5;
					};
					A5062AB4265592CC008F33FE = {
						CreatedOnToolsVersion = 12.5;
						TestTargetID = A5062AA3265592C9008F33FE;
					};
					A5062ABF265592CC008F33FE = {
						CreatedOnToolsVersion = 12.5;
						TestTargetID = A5062AA3265592C9008F33FE;
					};
				};
			};
			buildConfigurationList = A5062A9F265592C9008F33FE /* Build configuration list for PBXProject "iProBonus" */;
			compatibilityVersion = "Xcode 9.3";
			developmentRegion = en;
			hasScannedForEncodings = 0;
			knownRegions = (
				en,
				Base,
			);
			mainGroup = A5062A9B265592C9008F33FE;
			productRefGroup = A5062AA5265592C9008F33FE /* Products */;
			projectDirPath = "";
			projectRoot = "";
			targets = (
				A5062AA3265592C9008F33FE /* iProBonus */,
				A5062AB4265592CC008F33FE /* iProBonusTests */,
				A5062ABF265592CC008F33FE /* iProBonusUITests */,
			);
		};
/* End PBXProject section */

/* Begin PBXResourcesBuildPhase section */
		A5062AA2265592C9008F33FE /* Resources */ = {
			isa = PBXResourcesBuildPhase;
			buildActionMask = 2147483647;
			files = (
				A5062AAF265592CC008F33FE /* Preview Assets.xcassets in Resources */,
				A5062AAC265592CC008F33FE /* Assets.xcassets in Resources */,
			);
			runOnlyForDeploymentPostprocessing = 0;
		};
		A5062AB3265592CC008F33FE /* Resources */ = {
			isa = PBXResourcesBuildPhase;
			buildActionMask = 2147483647;
			files = (
			);
			runOnlyForDeploymentPostprocessing = 0;
		};
		A5062ABE265592CC008F33FE /* Resources */ = {
			isa = PBXResourcesBuildPhase;
			buildActionMask = 2147483647;
			files = (
			);
			runOnlyForDeploymentPostprocessing = 0;
		};
/* End PBXResourcesBuildPhase section */

/* Begin PBXSourcesBuildPhase section */
		A5062AA0265592C9008F33FE /* Sources */ = {
			isa = PBXSourcesBuildPhase;
			buildActionMask = 2147483647;
			files = (
				A5062AAA265592C9008F33FE /* ContentView.swift in Sources */,
				A5062AA8265592C9008F33FE /* iProBonusApp.swift in Sources */,
			);
			runOnlyForDeploymentPostprocessing = 0;
		};
		A5062AB1265592CC008F33FE /* Sources */ = {
			isa = PBXSourcesBuildPhase;
			buildActionMask = 2147483647;
			files = (
				A5062ABA265592CC008F33FE /* iProBonusTests.swift in Sources */,
			);
			runOnlyForDeploymentPostprocessing = 0;
		};
		A5062ABC265592CC008F33FE /* Sources */ = {
			isa = PBXSourcesBuildPhase;
			buildActionMask = 2147483647;
			files = (
				A5062AC5265592CC008F33FE /* iProBonusUITests.swift in Sources */,
			);
			runOnlyForDeploymentPostprocessing = 0;
		};
/* End PBXSourcesBuildPhase section */

/* Begin PBXTargetDependency section */
		A5062AB7265592CC008F33FE /* PBXTargetDependency */ = {
			isa = PBXTargetDependency;
			target = A5062AA3265592C9008F33FE /* iProBonus */;
			targetProxy = A5062AB6265592CC008F33FE /* PBXContainerItemProxy */;
		};
		A5062AC2265592CC008F33FE /* PBXTargetDependency */ = {
			isa = PBXTargetDependency;
			target = A5062AA3265592C9008F33FE /* iProBonus */;
			targetProxy = A5062AC1265592CC008F33FE /* PBXContainerItemProxy */;
		};
/* End PBXTargetDependency section */

/* Begin XCBuildConfiguration section */
		A5062AC7265592CC008F33FE /* Debug */ = {
			isa = XCBuildConfiguration;
			buildSettings = {
				ALWAYS_SEARCH_USER_PATHS = NO;
				CLANG_ANALYZER_NONNULL = YES;
				CLANG_ANALYZER_NUMBER_OBJECT_CONVERSION = YES_AGGRESSIVE;
				CLANG_CXX_LANGUAGE_STANDARD = "gnu++14";
				CLANG_CXX_LIBRARY = "libc++";
				CLANG_ENABLE_MODULES = YES;
				CLANG_ENABLE_OBJC_ARC = YES;
				CLANG_ENABLE_OBJC_WEAK = YES;
				CLANG_WARN_BLOCK_CAPTURE_AUTORELEASING = YES;
				CLANG_WARN_BOOL_CONVERSION = YES;
				CLANG_WARN_COMMA = YES;
				CLANG_WARN_CONSTANT_CONVERSION = YES;
				CLANG_WARN_DEPRECATED_OBJC_IMPLEMENTATIONS = YES;
				CLANG_WARN_DIRECT_OBJC_ISA_USAGE = YES_ERROR;
				CLANG_WARN_DOCUMENTATION_COMMENTS = YES;
				CLANG_WARN_EMPTY_BODY = YES;
				CLANG_WARN_ENUM_CONVERSION = YES;
				CLANG_WARN_INFINITE_RECURSION = YES;
				CLANG_WARN_INT_CONVERSION = YES;
				CLANG_WARN_NON_LITERAL_NULL_CONVERSION = YES;
				CLANG_WARN_OBJC_IMPLICIT_RETAIN_SELF = YES;
				CLANG_WARN_OBJC_LITERAL_CONVERSION = YES;
				CLANG_WARN_OBJC_ROOT_CLASS = YES_ERROR;
				CLANG_WARN_QUOTED_INCLUDE_IN_FRAMEWORK_HEADER = YES;
				CLANG_WARN_RANGE_LOOP_ANALYSIS = YES;
				CLANG_WARN_STRICT_PROTOTYPES = YES;
				CLANG_WARN_SUSPICIOUS_MOVE = YES;
				CLANG_WARN_UNGUARDED_AVAILABILITY = YES_AGGRESSIVE;
				CLANG_WARN_UNREACHABLE_CODE = YES;
				CLANG_WARN__DUPLICATE_METHOD_MATCH = YES;
				COPY_PHASE_STRIP = NO;
				DEBUG_INFORMATION_FORMAT = dwarf;
				ENABLE_STRICT_OBJC_MSGSEND = YES;
				ENABLE_TESTABILITY = YES;
				GCC_C_LANGUAGE_STANDARD = gnu11;
				GCC_DYNAMIC_NO_PIC = NO;
				GCC_NO_COMMON_BLOCKS = YES;
				GCC_OPTIMIZATION_LEVEL = 0;
				GCC_PREPROCESSOR_DEFINITIONS = (
					"DEBUG=1",
					"$(inherited)",
				);
				GCC_WARN_64_TO_32_BIT_CONVERSION = YES;
				GCC_WARN_ABOUT_RETURN_TYPE = YES_ERROR;
				GCC_WARN_UNDECLARED_SELECTOR = YES;
				GCC_WARN_UNINITIALIZED_AUTOS = YES_AGGRESSIVE;
				GCC_WARN_UNUSED_FUNCTION = YES;
				GCC_WARN_UNUSED_VARIABLE = YES;
				IPHONEOS_DEPLOYMENT_TARGET = 14.5;
				MTL_ENABLE_DEBUG_INFO = INCLUDE_SOURCE;
				MTL_FAST_MATH = YES;
				ONLY_ACTIVE_ARCH = YES;
				SDKROOT = iphoneos;
				SWIFT_ACTIVE_COMPILATION_CONDITIONS = DEBUG;
				SWIFT_OPTIMIZATION_LEVEL = "-Onone";
			};
			name = Debug;
		};
		A5062AC8265592CC008F33FE /* Release */ = {
			isa = XCBuildConfiguration;
			buildSettings = {
				ALWAYS_SEARCH_USER_PATHS = NO;
				CLANG_ANALYZER_NONNULL = YES;
				CLANG_ANALYZER_NUMBER_OBJECT_CONVERSION = YES_AGGRESSIVE;
				CLANG_CXX_LANGUAGE_STANDARD = "gnu++14";
				CLANG_CXX_LIBRARY = "libc++";
				CLANG_ENABLE_MODULES = YES;
				CLANG_ENABLE_OBJC_ARC = YES;
				CLANG_ENABLE_OBJC_WEAK = YES;
				CLANG_WARN_BLOCK_CAPTURE_AUTORELEASING = YES;
				CLANG_WARN_BOOL_CONVERSION = YES;
				CLANG_WARN_COMMA = YES;
				CLANG_WARN_CONSTANT_CONVERSION = YES;
				CLANG_WARN_DEPRECATED_OBJC_IMPLEMENTATIONS = YES;
				CLANG_WARN_DIRECT_OBJC_ISA_USAGE = YES_ERROR;
				CLANG_WARN_DOCUMENTATION_COMMENTS = YES;
				CLANG_WARN_EMPTY_BODY = YES;
				CLANG_WARN_ENUM_CONVERSION = YES;
				CLANG_WARN_INFINITE_RECURSION = YES;
				CLANG_WARN_INT_CONVERSION = YES;
				CLANG_WARN_NON_LITERAL_NULL_CONVERSION = YES;
				CLANG_WARN_OBJC_IMPLICIT_RETAIN_SELF = YES;
				CLANG_WARN_OBJC_LITERAL_CONVERSION = YES;
				CLANG_WARN_OBJC_ROOT_CLASS = YES_ERROR;
				CLANG_WARN_QUOTED_INCLUDE_IN_FRAMEWORK_HEADER = YES;
				CLANG_WARN_RANGE_LOOP_ANALYSIS = YES;
				CLANG_WARN_STRICT_PROTOTYPES = YES;
				CLANG_WARN_SUSPICIOUS_MOVE = YES;
				CLANG_WARN_UNGUARDED_AVAILABILITY = YES_AGGRESSIVE;
				CLANG_WARN_UNREACHABLE_CODE = YES;
				CLANG_WARN__DUPLICATE_METHOD_MATCH = YES;
				COPY_PHASE_STRIP = NO;
				DEBUG_INFORMATION_FORMAT = "dwarf-with-dsym";
				ENABLE_NS_ASSERTIONS = NO;
				ENABLE_STRICT_OBJC_MSGSEND = YES;
				GCC_C_LANGUAGE_STANDARD = gnu11;
				GCC_NO_COMMON_BLOCKS = YES;
				GCC_WARN_64_TO_32_BIT_CONVERSION = YES;
				GCC_WARN_ABOUT_RETURN_TYPE = YES_ERROR;
				GCC_WARN_UNDECLARED_SELECTOR = YES;
				GCC_WARN_UNINITIALIZED_AUTOS = YES_AGGRESSIVE;
				GCC_WARN_UNUSED_FUNCTION = YES;
				GCC_WARN_UNUSED_VARIABLE = YES;
				IPHONEOS_DEPLOYMENT_TARGET = 14.5;
				MTL_ENABLE_DEBUG_INFO = NO;
				MTL_FAST_MATH = YES;
				SDKROOT = iphoneos;
				SWIFT_COMPILATION_MODE = wholemodule;
				SWIFT_OPTIMIZATION_LEVEL = "-O";
				VALIDATE_PRODUCT = YES;
			};
			name = Release;
		};
		A5062ACA265592CC008F33FE /* Debug */ = {
			isa = XCBuildConfiguration;
			buildSettings = {
				ASSETCATALOG_COMPILER_APPICON_NAME = AppIcon;
				ASSETCATALOG_COMPILER_GLOBAL_ACCENT_COLOR_NAME = AccentColor;
				CODE_SIGN_STYLE = Automatic;
				DEVELOPMENT_ASSET_PATHS = "\"iProBonus/Preview Content\"";
				DEVELOPMENT_TEAM = SZKA539B42;
				ENABLE_PREVIEWS = YES;
				INFOPLIST_FILE = iProBonus/Info.plist;
				IPHONEOS_DEPLOYMENT_TARGET = 14.0;
				LD_RUNPATH_SEARCH_PATHS = (
					"$(inherited)",
					"@executable_path/Frameworks",
				);
				PRODUCT_BUNDLE_IDENTIFIER = com.myrkwillStudio.iProBonus;
				PRODUCT_NAME = "$(TARGET_NAME)";
				SWIFT_VERSION = 5.0;
				TARGETED_DEVICE_FAMILY = "1,2";
			};
			name = Debug;
		};
		A5062ACB265592CC008F33FE /* Release */ = {
			isa = XCBuildConfiguration;
			buildSettings = {
				ASSETCATALOG_COMPILER_APPICON_NAME = AppIcon;
				ASSETCATALOG_COMPILER_GLOBAL_ACCENT_COLOR_NAME = AccentColor;
				CODE_SIGN_STYLE = Automatic;
				DEVELOPMENT_ASSET_PATHS = "\"iProBonus/Preview Content\"";
				DEVELOPMENT_TEAM = SZKA539B42;
				ENABLE_PREVIEWS = YES;
				INFOPLIST_FILE = iProBonus/Info.plist;
				IPHONEOS_DEPLOYMENT_TARGET = 14.0;
				LD_RUNPATH_SEARCH_PATHS = (
					"$(inherited)",
					"@executable_path/Frameworks",
				);
				PRODUCT_BUNDLE_IDENTIFIER = com.myrkwillStudio.iProBonus;
				PRODUCT_NAME = "$(TARGET_NAME)";
				SWIFT_VERSION = 5.0;
				TARGETED_DEVICE_FAMILY = "1,2";
			};
			name = Release;
		};
		A5062ACD265592CC008F33FE /* Debug */ = {
			isa = XCBuildConfiguration;
			buildSettings = {
				ALWAYS_EMBED_SWIFT_STANDARD_LIBRARIES = YES;
				BUNDLE_LOADER = "$(TEST_HOST)";
				CODE_SIGN_STYLE = Automatic;
				DEVELOPMENT_TEAM = SZKA539B42;
				INFOPLIST_FILE = iProBonusTests/Info.plist;
				IPHONEOS_DEPLOYMENT_TARGET = 14.0;
				LD_RUNPATH_SEARCH_PATHS = (
					"$(inherited)",
					"@executable_path/Frameworks",
					"@loader_path/Frameworks",
				);
				PRODUCT_BUNDLE_IDENTIFIER = com.myrkwillStudio.iProBonusTests;
				PRODUCT_NAME = "$(TARGET_NAME)";
				SWIFT_VERSION = 5.0;
				TARGETED_DEVICE_FAMILY = "1,2";
				TEST_HOST = "$(BUILT_PRODUCTS_DIR)/iProBonus.app/iProBonus";
			};
			name = Debug;
		};
		A5062ACE265592CC008F33FE /* Release */ = {
			isa = XCBuildConfiguration;
			buildSettings = {
				ALWAYS_EMBED_SWIFT_STANDARD_LIBRARIES = YES;
				BUNDLE_LOADER = "$(TEST_HOST)";
				CODE_SIGN_STYLE = Automatic;
				DEVELOPMENT_TEAM = SZKA539B42;
				INFOPLIST_FILE = iProBonusTests/Info.plist;
				IPHONEOS_DEPLOYMENT_TARGET = 14.0;
				LD_RUNPATH_SEARCH_PATHS = (
					"$(inherited)",
					"@executable_path/Frameworks",
					"@loader_path/Frameworks",
				);
				PRODUCT_BUNDLE_IDENTIFIER = com.myrkwillStudio.iProBonusTests;
				PRODUCT_NAME = "$(TARGET_NAME)";
				SWIFT_VERSION = 5.0;
				TARGETED_DEVICE_FAMILY = "1,2";
				TEST_HOST = "$(BUILT_PRODUCTS_DIR)/iProBonus.app/iProBonus";
			};
			name = Release;
		};
		A5062AD0265592CC008F33FE /* Debug */ = {
			isa = XCBuildConfiguration;
			buildSettings = {
				ALWAYS_EMBED_SWIFT_STANDARD_LIBRARIES = YES;
				CODE_SIGN_STYLE = Automatic;
				DEVELOPMENT_TEAM = SZKA539B42;
				INFOPLIST_FILE = iProBonusUITests/Info.plist;
				LD_RUNPATH_SEARCH_PATHS = (
					"$(inherited)",
					"@executable_path/Frameworks",
					"@loader_path/Frameworks",
				);
				PRODUCT_BUNDLE_IDENTIFIER = com.myrkwillStudio.iProBonusUITests;
				PRODUCT_NAME = "$(TARGET_NAME)";
				SWIFT_VERSION = 5.0;
				TARGETED_DEVICE_FAMILY = "1,2";
				TEST_TARGET_NAME = iProBonus;
			};
			name = Debug;
		};
		A5062AD1265592CC008F33FE /* Release */ = {
			isa = XCBuildConfiguration;
			buildSettings = {
				ALWAYS_EMBED_SWIFT_STANDARD_LIBRARIES = YES;
				CODE_SIGN_STYLE = Automatic;
				DEVELOPMENT_TEAM = SZKA539B42;
				INFOPLIST_FILE = iProBonusUITests/Info.plist;
				LD_RUNPATH_SEARCH_PATHS = (
					"$(inherited)",
					"@executable_path/Frameworks",
					"@loader_path/Frameworks",
				);
				PRODUCT_BUNDLE_IDENTIFIER = com.myrkwillStudio.iProBonusUITests;
				PRODUCT_NAME = "$(TARGET_NAME)";
				SWIFT_VERSION = 5.0;
				TARGETED_DEVICE_FAMILY = "1,2";
				TEST_TARGET_NAME = iProBonus;
			};
			name = Release;
		};
/* End XCBuildConfiguration section */

/* Begin XCConfigurationList section */
		A5062A9F265592C9008F33FE /* Build configuration list for PBXProject "iProBonus" */ = {
			isa = XCConfigurationList;
			buildConfigurations = (
				A5062AC7265592CC008F33FE /* Debug */,
				A5062AC8265592CC008F33FE /* Release */,
			);
			defaultConfigurationIsVisible = 0;
			defaultConfigurationName = Release;
		};
		A5062AC9265592CC008F33FE /* Build configuration list for PBXNativeTarget "iProBonus" */ = {
			isa = XCConfigurationList;
			buildConfigurations = (
				A5062ACA265592CC008F33FE /* Debug */,
				A5062ACB265592CC008F33FE /* Release */,
			);
			defaultConfigurationIsVisible = 0;
			defaultConfigurationName = Release;
		};
		A5062ACC265592CC008F33FE /* Build configuration list for PBXNativeTarget "iProBonusTests" */ = {
			isa = XCConfigurationList;
			buildConfigurations = (
				A5062ACD265592CC008F33FE /* Debug */,
				A5062ACE265592CC008F33FE /* Release */,
			);
			defaultConfigurationIsVisible = 0;
			defaultConfigurationName = Release;
		};
		A5062ACF265592CC008F33FE /* Build configuration list for PBXNativeTarget "iProBonusUITests" */ = {
			isa = XCConfigurationList;
			buildConfigurations = (
				A5062AD0265592CC008F33FE /* Debug */,
				A5062AD1265592CC008F33FE /* Release */,
			);
			defaultConfigurationIsVisible = 0;
			defaultConfigurationName = Release;
		};
/* End XCConfigurationList section */
	};
	rootObject = A5062A9C265592C9008F33FE /* Project object */;
}
